
Microsoft Visual Studio Solution File, Format Version 12.00
# Visual Studio Version 17
VisualStudioVersion = 17.3.32811.315
MinimumVisualStudioVersion = 10.0.40219.1
Project("{FAE04EC0-301F-11D3-BF4B-00C04F79EFBC}") = "Tortni graf", "Tortni graf\Tortni graf.csproj", "{882D26EB-50EB-4E20-8B6B-864BAB3971A3}"
EndProject
Global
	GlobalSection(SolutionConfigurationPlatforms) = preSolution
		Debug|Any CPU = Debug|Any CPU
		Release|Any CPU = Release|Any CPU
	EndGlobalSection
	GlobalSection(ProjectConfigurationPlatforms) = postSolution
		{882D26EB-50EB-4E20-8B6B-864BAB3971A3}.Debug|Any CPU.ActiveCfg = Debug|Any CPU
		{882D26EB-50EB-4E20-8B6B-864BAB3971A3}.Debug|Any CPU.Build.0 = Debug|Any CPU
		{882D26EB-50EB-4E20-8B6B-864BAB3971A3}.Release|Any CPU.ActiveCfg = Release|Any CPU
		{882D26EB-50EB-4E20-8B6B-864BAB3971A3}.Release|Any CPU.Build.0 = Release|Any CPU
	EndGlobalSection
	GlobalSection(SolutionProperties) = preSolution
		HideSolutionNode = FALSE
	EndGlobalSection
	GlobalSection(ExtensibilityGlobals) = postSolution
		SolutionGuid = {BB7F84E9-F7C3-439A-803C-76C4791CAB0F}
	EndGlobalSection
EndGlobal
