
Microsoft Visual Studio Solution File, Format Version 12.00
# Visual Studio Version 17
VisualStudioVersion = 17.3.32811.315
MinimumVisualStudioVersion = 10.0.40219.1
Project("{FAE04EC0-301F-11D3-BF4B-00C04F79EFBC}") = "Naštevni tip 2", "Naštevni tip 2\Naštevni tip 2.csproj", "{059AFF2D-E4AA-434B-8167-B8E34E96696D}"
EndProject
Global
	GlobalSection(SolutionConfigurationPlatforms) = preSolution
		Debug|Any CPU = Debug|Any CPU
		Release|Any CPU = Release|Any CPU
	EndGlobalSection
	GlobalSection(ProjectConfigurationPlatforms) = postSolution
		{059AFF2D-E4AA-434B-8167-B8E34E96696D}.Debug|Any CPU.ActiveCfg = Debug|Any CPU
		{059AFF2D-E4AA-434B-8167-B8E34E96696D}.Debug|Any CPU.Build.0 = Debug|Any CPU
		{059AFF2D-E4AA-434B-8167-B8E34E96696D}.Release|Any CPU.ActiveCfg = Release|Any CPU
		{059AFF2D-E4AA-434B-8167-B8E34E96696D}.Release|Any CPU.Build.0 = Release|Any CPU
	EndGlobalSection
	GlobalSection(SolutionProperties) = preSolution
		HideSolutionNode = FALSE
	EndGlobalSection
	GlobalSection(ExtensibilityGlobals) = postSolution
		SolutionGuid = {886F70D1-FC03-461A-95C9-D3890A240735}
	EndGlobalSection
EndGlobal
