
Microsoft Visual Studio Solution File, Format Version 12.00
# Visual Studio Version 17
VisualStudioVersion = 17.3.32811.315
MinimumVisualStudioVersion = 10.0.40219.1
Project("{FAE04EC0-301F-11D3-BF4B-00C04F79EFBC}") = "WAF vaja za izpit", "WFA vaja za izpit\WAF vaja za izpit.csproj", "{EE258C55-A019-4BE4-AB78-398AA79D707F}"
EndProject
Global
	GlobalSection(SolutionConfigurationPlatforms) = preSolution
		Debug|Any CPU = Debug|Any CPU
		Release|Any CPU = Release|Any CPU
	EndGlobalSection
	GlobalSection(ProjectConfigurationPlatforms) = postSolution
		{EE258C55-A019-4BE4-AB78-398AA79D707F}.Debug|Any CPU.ActiveCfg = Debug|Any CPU
		{EE258C55-A019-4BE4-AB78-398AA79D707F}.Debug|Any CPU.Build.0 = Debug|Any CPU
		{EE258C55-A019-4BE4-AB78-398AA79D707F}.Release|Any CPU.ActiveCfg = Release|Any CPU
		{EE258C55-A019-4BE4-AB78-398AA79D707F}.Release|Any CPU.Build.0 = Release|Any CPU
	EndGlobalSection
	GlobalSection(SolutionProperties) = preSolution
		HideSolutionNode = FALSE
	EndGlobalSection
	GlobalSection(ExtensibilityGlobals) = postSolution
		SolutionGuid = {F0304829-3076-407A-AE97-EC64A54FABC4}
	EndGlobalSection
EndGlobal
