
Microsoft Visual Studio Solution File, Format Version 12.00
# Visual Studio Version 17
VisualStudioVersion = 17.3.32811.315
MinimumVisualStudioVersion = 10.0.40219.1
Project("{FAE04EC0-301F-11D3-BF4B-00C04F79EFBC}") = "WindowsFormsApp2", "WindowsFormsApp2\WindowsFormsApp2.csproj", "{E26220BE-E465-4979-955C-E2B15F536F6F}"
EndProject
Global
	GlobalSection(SolutionConfigurationPlatforms) = preSolution
		Debug|Any CPU = Debug|Any CPU
		Release|Any CPU = Release|Any CPU
	EndGlobalSection
	GlobalSection(ProjectConfigurationPlatforms) = postSolution
		{E26220BE-E465-4979-955C-E2B15F536F6F}.Debug|Any CPU.ActiveCfg = Debug|Any CPU
		{E26220BE-E465-4979-955C-E2B15F536F6F}.Debug|Any CPU.Build.0 = Debug|Any CPU
		{E26220BE-E465-4979-955C-E2B15F536F6F}.Release|Any CPU.ActiveCfg = Release|Any CPU
		{E26220BE-E465-4979-955C-E2B15F536F6F}.Release|Any CPU.Build.0 = Release|Any CPU
	EndGlobalSection
	GlobalSection(SolutionProperties) = preSolution
		HideSolutionNode = FALSE
	EndGlobalSection
	GlobalSection(ExtensibilityGlobals) = postSolution
		SolutionGuid = {542043C0-B0D3-4E47-960B-690EB0DD4F7D}
	EndGlobalSection
EndGlobal
