
Microsoft Visual Studio Solution File, Format Version 12.00
# Visual Studio Version 17
VisualStudioVersion = 17.3.32811.315
MinimumVisualStudioVersion = 10.0.40219.1
Project("{FAE04EC0-301F-11D3-BF4B-00C04F79EFBC}") = "Štiri v vrsto", "Štiri v vrsto\Štiri v vrsto.csproj", "{222923E3-4F4A-4F6D-AEFB-17927C3DF5CE}"
EndProject
Global
	GlobalSection(SolutionConfigurationPlatforms) = preSolution
		Debug|Any CPU = Debug|Any CPU
		Release|Any CPU = Release|Any CPU
	EndGlobalSection
	GlobalSection(ProjectConfigurationPlatforms) = postSolution
		{222923E3-4F4A-4F6D-AEFB-17927C3DF5CE}.Debug|Any CPU.ActiveCfg = Debug|Any CPU
		{222923E3-4F4A-4F6D-AEFB-17927C3DF5CE}.Debug|Any CPU.Build.0 = Debug|Any CPU
		{222923E3-4F4A-4F6D-AEFB-17927C3DF5CE}.Release|Any CPU.ActiveCfg = Release|Any CPU
		{222923E3-4F4A-4F6D-AEFB-17927C3DF5CE}.Release|Any CPU.Build.0 = Release|Any CPU
	EndGlobalSection
	GlobalSection(SolutionProperties) = preSolution
		HideSolutionNode = FALSE
	EndGlobalSection
	GlobalSection(ExtensibilityGlobals) = postSolution
		SolutionGuid = {AD3EAD7A-989F-453B-A5FA-7CE9359C38E6}
	EndGlobalSection
EndGlobal
