
Microsoft Visual Studio Solution File, Format Version 12.00
# Visual Studio Version 17
VisualStudioVersion = 17.3.32811.315
MinimumVisualStudioVersion = 10.0.40219.1
Project("{FAE04EC0-301F-11D3-BF4B-00C04F79EFBC}") = "Pravilnanaloga", "Pravilnanaloga\Pravilnanaloga.csproj", "{6BB431DE-8F14-41D3-8A0B-F824CEE30601}"
EndProject
Global
	GlobalSection(SolutionConfigurationPlatforms) = preSolution
		Debug|Any CPU = Debug|Any CPU
		Release|Any CPU = Release|Any CPU
	EndGlobalSection
	GlobalSection(ProjectConfigurationPlatforms) = postSolution
		{6BB431DE-8F14-41D3-8A0B-F824CEE30601}.Debug|Any CPU.ActiveCfg = Debug|Any CPU
		{6BB431DE-8F14-41D3-8A0B-F824CEE30601}.Debug|Any CPU.Build.0 = Debug|Any CPU
		{6BB431DE-8F14-41D3-8A0B-F824CEE30601}.Release|Any CPU.ActiveCfg = Release|Any CPU
		{6BB431DE-8F14-41D3-8A0B-F824CEE30601}.Release|Any CPU.Build.0 = Release|Any CPU
	EndGlobalSection
	GlobalSection(SolutionProperties) = preSolution
		HideSolutionNode = FALSE
	EndGlobalSection
	GlobalSection(ExtensibilityGlobals) = postSolution
		SolutionGuid = {499FE6DA-DB58-4157-948C-59F6DE6D6004}
	EndGlobalSection
EndGlobal
