
Microsoft Visual Studio Solution File, Format Version 12.00
# Visual Studio Version 17
VisualStudioVersion = 17.3.32811.315
MinimumVisualStudioVersion = 10.0.40219.1
Project("{FAE04EC0-301F-11D3-BF4B-00C04F79EFBC}") = "nalogica", "nalogica\nalogica.csproj", "{8EF0B605-4BDE-43EF-8795-6A47CE3B45B2}"
EndProject
Global
	GlobalSection(SolutionConfigurationPlatforms) = preSolution
		Debug|Any CPU = Debug|Any CPU
		Release|Any CPU = Release|Any CPU
	EndGlobalSection
	GlobalSection(ProjectConfigurationPlatforms) = postSolution
		{8EF0B605-4BDE-43EF-8795-6A47CE3B45B2}.Debug|Any CPU.ActiveCfg = Debug|Any CPU
		{8EF0B605-4BDE-43EF-8795-6A47CE3B45B2}.Debug|Any CPU.Build.0 = Debug|Any CPU
		{8EF0B605-4BDE-43EF-8795-6A47CE3B45B2}.Release|Any CPU.ActiveCfg = Release|Any CPU
		{8EF0B605-4BDE-43EF-8795-6A47CE3B45B2}.Release|Any CPU.Build.0 = Release|Any CPU
	EndGlobalSection
	GlobalSection(SolutionProperties) = preSolution
		HideSolutionNode = FALSE
	EndGlobalSection
	GlobalSection(ExtensibilityGlobals) = postSolution
		SolutionGuid = {034C379F-492C-4659-A31D-F58911CC3843}
	EndGlobalSection
EndGlobal
