
Microsoft Visual Studio Solution File, Format Version 12.00
# Visual Studio Version 17
VisualStudioVersion = 17.3.32811.315
MinimumVisualStudioVersion = 10.0.40219.1
Project("{FAE04EC0-301F-11D3-BF4B-00C04F79EFBC}") = "Tabela", "Tabela\Tabela.csproj", "{40020339-B778-4D00-B254-2F05325CC724}"
EndProject
Global
	GlobalSection(SolutionConfigurationPlatforms) = preSolution
		Debug|Any CPU = Debug|Any CPU
		Release|Any CPU = Release|Any CPU
	EndGlobalSection
	GlobalSection(ProjectConfigurationPlatforms) = postSolution
		{40020339-B778-4D00-B254-2F05325CC724}.Debug|Any CPU.ActiveCfg = Debug|Any CPU
		{40020339-B778-4D00-B254-2F05325CC724}.Debug|Any CPU.Build.0 = Debug|Any CPU
		{40020339-B778-4D00-B254-2F05325CC724}.Release|Any CPU.ActiveCfg = Release|Any CPU
		{40020339-B778-4D00-B254-2F05325CC724}.Release|Any CPU.Build.0 = Release|Any CPU
	EndGlobalSection
	GlobalSection(SolutionProperties) = preSolution
		HideSolutionNode = FALSE
	EndGlobalSection
	GlobalSection(ExtensibilityGlobals) = postSolution
		SolutionGuid = {F4DD4877-36B8-44C0-9181-BEE4548EF7CD}
	EndGlobalSection
EndGlobal
