
Microsoft Visual Studio Solution File, Format Version 12.00
# Visual Studio Version 17
VisualStudioVersion = 17.3.32811.315
MinimumVisualStudioVersion = 10.0.40219.1
Project("{FAE04EC0-301F-11D3-BF4B-00C04F79EFBC}") = "VajaTabele", "VajaTabele\VajaTabele.csproj", "{1C78470E-55DA-4FBE-B5C2-C490C1DE3015}"
EndProject
Global
	GlobalSection(SolutionConfigurationPlatforms) = preSolution
		Debug|Any CPU = Debug|Any CPU
		Release|Any CPU = Release|Any CPU
	EndGlobalSection
	GlobalSection(ProjectConfigurationPlatforms) = postSolution
		{1C78470E-55DA-4FBE-B5C2-C490C1DE3015}.Debug|Any CPU.ActiveCfg = Debug|Any CPU
		{1C78470E-55DA-4FBE-B5C2-C490C1DE3015}.Debug|Any CPU.Build.0 = Debug|Any CPU
		{1C78470E-55DA-4FBE-B5C2-C490C1DE3015}.Release|Any CPU.ActiveCfg = Release|Any CPU
		{1C78470E-55DA-4FBE-B5C2-C490C1DE3015}.Release|Any CPU.Build.0 = Release|Any CPU
	EndGlobalSection
	GlobalSection(SolutionProperties) = preSolution
		HideSolutionNode = FALSE
	EndGlobalSection
	GlobalSection(ExtensibilityGlobals) = postSolution
		SolutionGuid = {27B58743-648D-4F4F-BB18-4C95DA25D760}
	EndGlobalSection
EndGlobal
