
Microsoft Visual Studio Solution File, Format Version 12.00
# Visual Studio Version 17
VisualStudioVersion = 17.3.32811.315
MinimumVisualStudioVersion = 10.0.40219.1
Project("{FAE04EC0-301F-11D3-BF4B-00C04F79EFBC}") = "NaštevniTip1", "NaštevniTip1\NaštevniTip1.csproj", "{DA85397A-B276-472C-8751-07EDB6ABF2E1}"
EndProject
Global
	GlobalSection(SolutionConfigurationPlatforms) = preSolution
		Debug|Any CPU = Debug|Any CPU
		Release|Any CPU = Release|Any CPU
	EndGlobalSection
	GlobalSection(ProjectConfigurationPlatforms) = postSolution
		{DA85397A-B276-472C-8751-07EDB6ABF2E1}.Debug|Any CPU.ActiveCfg = Debug|Any CPU
		{DA85397A-B276-472C-8751-07EDB6ABF2E1}.Debug|Any CPU.Build.0 = Debug|Any CPU
		{DA85397A-B276-472C-8751-07EDB6ABF2E1}.Release|Any CPU.ActiveCfg = Release|Any CPU
		{DA85397A-B276-472C-8751-07EDB6ABF2E1}.Release|Any CPU.Build.0 = Release|Any CPU
	EndGlobalSection
	GlobalSection(SolutionProperties) = preSolution
		HideSolutionNode = FALSE
	EndGlobalSection
	GlobalSection(ExtensibilityGlobals) = postSolution
		SolutionGuid = {A70D7CF1-251A-4FE4-ADF1-A51794EFABED}
	EndGlobalSection
EndGlobal
